# This file is autogenerated, do not edit; changes may be undone by the next 'dep ensure'.


[[projects]]
  name = "github.com/davecgh/go-spew"
  packages = ["spew"]
  revision = "8991bc29aa16c548c550c7ff78260e27b9ab7c73"
  version = "v1.1.1"

[[projects]]
  branch = "master"
  name = "github.com/golang/glog"
  packages = ["."]
  revision = "23def4e6c14b4da8ac2ed8007337bc5eb5007998"

[[projects]]
  name = "github.com/openzipkin/zipkin-go"
  packages = [
    ".",
    "idgenerator",
    "model",
    "propagation",
    "reporter",
  ]
  revision = "3793c981d4f621c0e3eb1457acffa2c1cc591384"
  version = "v0.1.3"

[[projects]]
  name = "github.com/palantir/pkg"
  packages = [
    "objmatcher",
    "safejson",
  ]
  revision = "163672def8acf3f206ea4bed25dcfa57aecd0b59"
  version = "0.7.0"

[[projects]]
  branch = "develop"
  name = "github.com/palantir/witchcraft-go-error"
  packages = [
    ".",
    "internal/errors",
  ]
  revision = "adb1d93c5741a300abbcce7883ad61f825a4f1a7"

[[projects]]
  branch = "develop"
  name = "github.com/palantir/witchcraft-go-params"
  packages = ["."]
  revision = "69ecd8453e7ae12535835677d6bfab1b07e61b93"

[[projects]]
  branch = "develop"
  name = "github.com/palantir/witchcraft-go-tracing"
  packages = [
    "wtracing",
    "wzipkin",
  ]
  revision = "807d7de4bba306f9f8c55dbce78107311919efbb"

[[projects]]
  name = "github.com/pkg/errors"
  packages = ["."]
  revision = "645ef00459ed84a119197bfb8d8205042c6df63d"
  version = "v0.8.0"

[[projects]]
  name = "github.com/pmezard/go-difflib"
  packages = ["difflib"]
  revision = "792786c7400a136282c1664665ae0a8db921c6c2"
  version = "v1.0.0"

[[projects]]
  name = "github.com/rs/zerolog"
  packages = [
    ".",
    "internal/cbor",
    "internal/json",
  ]
  revision = "8747b7b3a51b5d08ee7ac50eaf4869edaf9f714a"
  version = "v1.11.0"

[[projects]]
  name = "github.com/satori/go.uuid"
  packages = ["."]
  revision = "f58768cc1a7a7e77a3bd49e98cdd21419399b6a3"
  version = "v1.2.0"

[[projects]]
  name = "github.com/stretchr/testify"
  packages = [
    "assert",
    "require",
  ]
  revision = "f35b8ab0b5a2cef36673838d662e249dd9c94686"
  version = "v1.2.2"

[[projects]]
  name = "github.palantir.build/deployability/conjure-go"
  packages = ["conjure/types/conjuretype"]
  revision = "9a2153d87ad77eca8a6b99718e5a21b4b6bf5578"
  version = "1.0.0"

[[projects]]
  branch = "develop"
  name = "github.palantir.build/deployability/witchcraft-error-go"
  packages = ["."]
  revision = "a00aff95c703c3fc4070760b128c67efa505d191"

[[projects]]
  branch = "develop"
  name = "github.palantir.build/deployability/witchcraft-params-go"
  packages = ["."]
  revision = "3e8e721e257d3adb66f1ce0585ed32299caa763d"

[[projects]]
  name = "go.uber.org/atomic"
  packages = ["."]
  revision = "1ea20fb1cbb1cc08cbd0d913a96dead89aa18289"
  version = "v1.3.2"

[[projects]]
  name = "go.uber.org/multierr"
  packages = ["."]
  revision = "3c4937480c32f4c13a875a1829af76c98ca3d40a"
  version = "v1.1.0"

[[projects]]
  name = "go.uber.org/zap"
  packages = [
    ".",
    "buffer",
    "internal/bufferpool",
    "internal/color",
    "internal/exit",
    "zapcore",
  ]
  revision = "ff33455a0e382e8a81d14dd7c922020b6b5e7982"
  version = "v1.9.1"

[solve-meta]
  analyzer-name = "dep"
  analyzer-version = 1
  inputs-digest = "294485910649cb014557874c5a76497568e6eff154e435b7e65fb708deb37963"
  solver-name = "gps-cdcl"
  solver-version = 1
